
Microsoft Visual Studio Solution File, Format Version 12.00
# Visual Studio Version 17
VisualStudioVersion = 17.6.33815.320
MinimumVisualStudioVersion = 10.0.40219.1
Project("{FAE04EC0-301F-11D3-BF4B-00C04F79EFBC}") = "BINARY SEARCH", "BINARY SEARCH.csproj", "{5F59E19D-4FE8-454B-A3E3-7556B695CD6D}"
EndProject
Global
	GlobalSection(SolutionConfigurationPlatforms) = preSolution
		Debug|Any CPU = Debug|Any CPU
		Release|Any CPU = Release|Any CPU
	EndGlobalSection
	GlobalSection(ProjectConfigurationPlatforms) = postSolution
		{5F59E19D-4FE8-454B-A3E3-7556B695CD6D}.Debug|Any CPU.ActiveCfg = Debug|Any CPU
		{5F59E19D-4FE8-454B-A3E3-7556B695CD6D}.Debug|Any CPU.Build.0 = Debug|Any CPU
		{5F59E19D-4FE8-454B-A3E3-7556B695CD6D}.Release|Any CPU.ActiveCfg = Release|Any CPU
		{5F59E19D-4FE8-454B-A3E3-7556B695CD6D}.Release|Any CPU.Build.0 = Release|Any CPU
	EndGlobalSection
	GlobalSection(SolutionProperties) = preSolution
		HideSolutionNode = FALSE
	EndGlobalSection
	GlobalSection(ExtensibilityGlobals) = postSolution
		SolutionGuid = {3A48C9B8-2A05-4D17-A65D-51966D1EC1E8}
	EndGlobalSection
EndGlobal
